
Microsoft Visual Studio Solution File, Format Version 12.00
# Visual Studio 2012
Project("{FAE04EC0-301F-11D3-BF4B-00C04F79EFBC}") = "01.CartesianCoordinateSystem", "01.CartesianCoordinateSystem\01.CartesianCoordinateSystem.csproj", "{5D7C09E4-8A1F-4C13-98C8-341E77D73811}"
EndProject
Project("{FAE04EC0-301F-11D3-BF4B-00C04F79EFBC}") = "02.MissCat2011", "02.MissCat2011\02.MissCat2011.csproj", "{C5766A72-F0F6-46EF-86E2-1DB53E17B5A8}"
EndProject
Project("{FAE04EC0-301F-11D3-BF4B-00C04F79EFBC}") = "03.ForestRoad", "03.ForestRoad\03.ForestRoad.csproj", "{8FE6F859-F8EF-42C4-AD72-286A7B750D2A}"
EndProject
Project("{FAE04EC0-301F-11D3-BF4B-00C04F79EFBC}") = "04.BinaryDigitsCount", "04.BinaryDigitsCount\04.BinaryDigitsCount.csproj", "{91A91D8C-CED9-4778-AC48-F6A594C036A2}"
EndProject
Project("{FAE04EC0-301F-11D3-BF4B-00C04F79EFBC}") = "05.SubsetSums", "05.SubsetSums\05.SubsetSums.csproj", "{4A393ABA-2110-4BC8-85E2-0F4F4D8EC06C}"
EndProject
Global
	GlobalSection(SolutionConfigurationPlatforms) = preSolution
		Debug|Any CPU = Debug|Any CPU
		Release|Any CPU = Release|Any CPU
	EndGlobalSection
	GlobalSection(ProjectConfigurationPlatforms) = postSolution
		{5D7C09E4-8A1F-4C13-98C8-341E77D73811}.Debug|Any CPU.ActiveCfg = Debug|Any CPU
		{5D7C09E4-8A1F-4C13-98C8-341E77D73811}.Debug|Any CPU.Build.0 = Debug|Any CPU
		{5D7C09E4-8A1F-4C13-98C8-341E77D73811}.Release|Any CPU.ActiveCfg = Release|Any CPU
		{5D7C09E4-8A1F-4C13-98C8-341E77D73811}.Release|Any CPU.Build.0 = Release|Any CPU
		{C5766A72-F0F6-46EF-86E2-1DB53E17B5A8}.Debug|Any CPU.ActiveCfg = Debug|Any CPU
		{C5766A72-F0F6-46EF-86E2-1DB53E17B5A8}.Debug|Any CPU.Build.0 = Debug|Any CPU
		{C5766A72-F0F6-46EF-86E2-1DB53E17B5A8}.Release|Any CPU.ActiveCfg = Release|Any CPU
		{C5766A72-F0F6-46EF-86E2-1DB53E17B5A8}.Release|Any CPU.Build.0 = Release|Any CPU
		{8FE6F859-F8EF-42C4-AD72-286A7B750D2A}.Debug|Any CPU.ActiveCfg = Debug|Any CPU
		{8FE6F859-F8EF-42C4-AD72-286A7B750D2A}.Debug|Any CPU.Build.0 = Debug|Any CPU
		{8FE6F859-F8EF-42C4-AD72-286A7B750D2A}.Release|Any CPU.ActiveCfg = Release|Any CPU
		{8FE6F859-F8EF-42C4-AD72-286A7B750D2A}.Release|Any CPU.Build.0 = Release|Any CPU
		{91A91D8C-CED9-4778-AC48-F6A594C036A2}.Debug|Any CPU.ActiveCfg = Debug|Any CPU
		{91A91D8C-CED9-4778-AC48-F6A594C036A2}.Debug|Any CPU.Build.0 = Debug|Any CPU
		{91A91D8C-CED9-4778-AC48-F6A594C036A2}.Release|Any CPU.ActiveCfg = Release|Any CPU
		{91A91D8C-CED9-4778-AC48-F6A594C036A2}.Release|Any CPU.Build.0 = Release|Any CPU
		{4A393ABA-2110-4BC8-85E2-0F4F4D8EC06C}.Debug|Any CPU.ActiveCfg = Debug|Any CPU
		{4A393ABA-2110-4BC8-85E2-0F4F4D8EC06C}.Debug|Any CPU.Build.0 = Debug|Any CPU
		{4A393ABA-2110-4BC8-85E2-0F4F4D8EC06C}.Release|Any CPU.ActiveCfg = Release|Any CPU
		{4A393ABA-2110-4BC8-85E2-0F4F4D8EC06C}.Release|Any CPU.Build.0 = Release|Any CPU
	EndGlobalSection
	GlobalSection(SolutionProperties) = preSolution
		HideSolutionNode = FALSE
	EndGlobalSection
EndGlobal
