
Microsoft Visual Studio Solution File, Format Version 12.00
# Visual Studio 2012
Project("{FAE04EC0-301F-11D3-BF4B-00C04F79EFBC}") = "01.HelloYou", "01.HelloYou\01.HelloYou.csproj", "{008F45C2-B48B-4A11-9B08-DA3886571F58}"
EndProject
Project("{FAE04EC0-301F-11D3-BF4B-00C04F79EFBC}") = "02.GetMaxOfThree", "02.GetMaxOfThree\02.GetMaxOfThree.csproj", "{BA7B7F76-91F8-4EBC-B8B4-E3E79C2AE955}"
EndProject
Project("{FAE04EC0-301F-11D3-BF4B-00C04F79EFBC}") = "03.LastIntegerAsWord", "03.LastIntegerAsWord\03.LastIntegerAsWord.csproj", "{D5455DCA-BE44-4C05-8AFA-E515FC7B93DE}"
EndProject
Project("{FAE04EC0-301F-11D3-BF4B-00C04F79EFBC}") = "04.CountNumberInArrayWithTest", "04.CountNumberInArrayWithTest\04.CountNumberInArrayWithTest.csproj", "{B5028BEC-62C2-4622-9369-1A3F5B4CAA39}"
EndProject
Project("{FAE04EC0-301F-11D3-BF4B-00C04F79EFBC}") = "06.FirstIntBiggerThanNeightbors", "06.FirstIntBiggerThanNeightbors\06.FirstIntBiggerThanNeightbors.csproj", "{F24F09D6-3CFA-40A3-B8C3-777333503568}"
EndProject
Project("{FAE04EC0-301F-11D3-BF4B-00C04F79EFBC}") = "07.ReverseDigit", "07.ReverseDigit\07.ReverseDigit.csproj", "{DE18D35D-17E5-4A03-B8B8-8BEFC48C82C0}"
EndProject
Project("{FAE04EC0-301F-11D3-BF4B-00C04F79EFBC}") = "08.AddTwoIntsAsArrays", "08.AddTwoIntsAsArrays\08.AddTwoIntsAsArrays.csproj", "{2FB3DB6D-093E-4802-B9E6-6150335AAE87}"
EndProject
Project("{FAE04EC0-301F-11D3-BF4B-00C04F79EFBC}") = "09.FindMaxIntInSubArray", "09.FindMaxIntInSubArray\09.FindMaxIntInSubArray.csproj", "{495CB7B0-BF97-4414-9E57-D38CF39DE323}"
EndProject
Project("{FAE04EC0-301F-11D3-BF4B-00C04F79EFBC}") = "10.CalcNFacturiel", "10.CalcNFacturiel\10.CalcNFacturiel.csproj", "{4DF7DB3A-7C5E-4A2A-AA9F-3351E5565A26}"
EndProject
Project("{FAE04EC0-301F-11D3-BF4B-00C04F79EFBC}") = "05.NumberBiggerThanItsNeighbors", "05.NumberBiggerThanItsNeighbors\05.NumberBiggerThanItsNeighbors.csproj", "{316EE490-0D11-44F2-82AD-DF0CB81EE3FE}"
EndProject
Project("{FAE04EC0-301F-11D3-BF4B-00C04F79EFBC}") = "11.AddTwoPolynomials", "11.AddTwoPolynomials\11.AddTwoPolynomials.csproj", "{202EC625-6369-4124-9851-02EC51B7153F}"
EndProject
Project("{FAE04EC0-301F-11D3-BF4B-00C04F79EFBC}") = "12.AddSubMultyplyPolynomials", "12.AddSubMultyplyPolynomials\12.AddSubMultyplyPolynomials.csproj", "{B59B1219-5142-43EA-B3F0-D1240AA03C78}"
EndProject
Project("{FAE04EC0-301F-11D3-BF4B-00C04F79EFBC}") = "13.ReverseDigitFindAvarageSolvesEquation", "13.ReverseDigitFindAvarageSolvesEquation\13.ReverseDigitFindAvarageSolvesEquation.csproj", "{721F94CA-8F63-4562-B5DE-C4B6B5A3D9DD}"
EndProject
Project("{FAE04EC0-301F-11D3-BF4B-00C04F79EFBC}") = "14.CalcMinMaxAvaragaSumProduct", "14.CalcMinMaxAvaragaSumProduct\14.CalcMinMaxAvaragaSumProduct.csproj", "{6DE5353C-C558-4ECA-AB5A-C7545017D509}"
EndProject
Project("{FAE04EC0-301F-11D3-BF4B-00C04F79EFBC}") = "15.CalcMinMaxAvSumProductOfAllTypes", "15.CalcMinMaxAvSumProductOfAllTypes\15.CalcMinMaxAvSumProductOfAllTypes.csproj", "{C38EDA32-4AA3-4057-BD38-9CFD8776EFAB}"
EndProject
Global
	GlobalSection(SolutionConfigurationPlatforms) = preSolution
		Debug|Any CPU = Debug|Any CPU
		Release|Any CPU = Release|Any CPU
	EndGlobalSection
	GlobalSection(ProjectConfigurationPlatforms) = postSolution
		{008F45C2-B48B-4A11-9B08-DA3886571F58}.Debug|Any CPU.ActiveCfg = Debug|Any CPU
		{008F45C2-B48B-4A11-9B08-DA3886571F58}.Debug|Any CPU.Build.0 = Debug|Any CPU
		{008F45C2-B48B-4A11-9B08-DA3886571F58}.Release|Any CPU.ActiveCfg = Release|Any CPU
		{008F45C2-B48B-4A11-9B08-DA3886571F58}.Release|Any CPU.Build.0 = Release|Any CPU
		{BA7B7F76-91F8-4EBC-B8B4-E3E79C2AE955}.Debug|Any CPU.ActiveCfg = Debug|Any CPU
		{BA7B7F76-91F8-4EBC-B8B4-E3E79C2AE955}.Debug|Any CPU.Build.0 = Debug|Any CPU
		{BA7B7F76-91F8-4EBC-B8B4-E3E79C2AE955}.Release|Any CPU.ActiveCfg = Release|Any CPU
		{BA7B7F76-91F8-4EBC-B8B4-E3E79C2AE955}.Release|Any CPU.Build.0 = Release|Any CPU
		{D5455DCA-BE44-4C05-8AFA-E515FC7B93DE}.Debug|Any CPU.ActiveCfg = Debug|Any CPU
		{D5455DCA-BE44-4C05-8AFA-E515FC7B93DE}.Debug|Any CPU.Build.0 = Debug|Any CPU
		{D5455DCA-BE44-4C05-8AFA-E515FC7B93DE}.Release|Any CPU.ActiveCfg = Release|Any CPU
		{D5455DCA-BE44-4C05-8AFA-E515FC7B93DE}.Release|Any CPU.Build.0 = Release|Any CPU
		{B5028BEC-62C2-4622-9369-1A3F5B4CAA39}.Debug|Any CPU.ActiveCfg = Debug|Any CPU
		{B5028BEC-62C2-4622-9369-1A3F5B4CAA39}.Debug|Any CPU.Build.0 = Debug|Any CPU
		{B5028BEC-62C2-4622-9369-1A3F5B4CAA39}.Release|Any CPU.ActiveCfg = Release|Any CPU
		{B5028BEC-62C2-4622-9369-1A3F5B4CAA39}.Release|Any CPU.Build.0 = Release|Any CPU
		{F24F09D6-3CFA-40A3-B8C3-777333503568}.Debug|Any CPU.ActiveCfg = Debug|Any CPU
		{F24F09D6-3CFA-40A3-B8C3-777333503568}.Debug|Any CPU.Build.0 = Debug|Any CPU
		{F24F09D6-3CFA-40A3-B8C3-777333503568}.Release|Any CPU.ActiveCfg = Release|Any CPU
		{F24F09D6-3CFA-40A3-B8C3-777333503568}.Release|Any CPU.Build.0 = Release|Any CPU
		{DE18D35D-17E5-4A03-B8B8-8BEFC48C82C0}.Debug|Any CPU.ActiveCfg = Debug|Any CPU
		{DE18D35D-17E5-4A03-B8B8-8BEFC48C82C0}.Debug|Any CPU.Build.0 = Debug|Any CPU
		{DE18D35D-17E5-4A03-B8B8-8BEFC48C82C0}.Release|Any CPU.ActiveCfg = Release|Any CPU
		{DE18D35D-17E5-4A03-B8B8-8BEFC48C82C0}.Release|Any CPU.Build.0 = Release|Any CPU
		{2FB3DB6D-093E-4802-B9E6-6150335AAE87}.Debug|Any CPU.ActiveCfg = Debug|Any CPU
		{2FB3DB6D-093E-4802-B9E6-6150335AAE87}.Debug|Any CPU.Build.0 = Debug|Any CPU
		{2FB3DB6D-093E-4802-B9E6-6150335AAE87}.Release|Any CPU.ActiveCfg = Release|Any CPU
		{2FB3DB6D-093E-4802-B9E6-6150335AAE87}.Release|Any CPU.Build.0 = Release|Any CPU
		{495CB7B0-BF97-4414-9E57-D38CF39DE323}.Debug|Any CPU.ActiveCfg = Debug|Any CPU
		{495CB7B0-BF97-4414-9E57-D38CF39DE323}.Debug|Any CPU.Build.0 = Debug|Any CPU
		{495CB7B0-BF97-4414-9E57-D38CF39DE323}.Release|Any CPU.ActiveCfg = Release|Any CPU
		{495CB7B0-BF97-4414-9E57-D38CF39DE323}.Release|Any CPU.Build.0 = Release|Any CPU
		{4DF7DB3A-7C5E-4A2A-AA9F-3351E5565A26}.Debug|Any CPU.ActiveCfg = Debug|Any CPU
		{4DF7DB3A-7C5E-4A2A-AA9F-3351E5565A26}.Debug|Any CPU.Build.0 = Debug|Any CPU
		{4DF7DB3A-7C5E-4A2A-AA9F-3351E5565A26}.Release|Any CPU.ActiveCfg = Release|Any CPU
		{4DF7DB3A-7C5E-4A2A-AA9F-3351E5565A26}.Release|Any CPU.Build.0 = Release|Any CPU
		{316EE490-0D11-44F2-82AD-DF0CB81EE3FE}.Debug|Any CPU.ActiveCfg = Debug|Any CPU
		{316EE490-0D11-44F2-82AD-DF0CB81EE3FE}.Debug|Any CPU.Build.0 = Debug|Any CPU
		{316EE490-0D11-44F2-82AD-DF0CB81EE3FE}.Release|Any CPU.ActiveCfg = Release|Any CPU
		{316EE490-0D11-44F2-82AD-DF0CB81EE3FE}.Release|Any CPU.Build.0 = Release|Any CPU
		{202EC625-6369-4124-9851-02EC51B7153F}.Debug|Any CPU.ActiveCfg = Debug|Any CPU
		{202EC625-6369-4124-9851-02EC51B7153F}.Debug|Any CPU.Build.0 = Debug|Any CPU
		{202EC625-6369-4124-9851-02EC51B7153F}.Release|Any CPU.ActiveCfg = Release|Any CPU
		{202EC625-6369-4124-9851-02EC51B7153F}.Release|Any CPU.Build.0 = Release|Any CPU
		{B59B1219-5142-43EA-B3F0-D1240AA03C78}.Debug|Any CPU.ActiveCfg = Debug|Any CPU
		{B59B1219-5142-43EA-B3F0-D1240AA03C78}.Debug|Any CPU.Build.0 = Debug|Any CPU
		{B59B1219-5142-43EA-B3F0-D1240AA03C78}.Release|Any CPU.ActiveCfg = Release|Any CPU
		{B59B1219-5142-43EA-B3F0-D1240AA03C78}.Release|Any CPU.Build.0 = Release|Any CPU
		{721F94CA-8F63-4562-B5DE-C4B6B5A3D9DD}.Debug|Any CPU.ActiveCfg = Debug|Any CPU
		{721F94CA-8F63-4562-B5DE-C4B6B5A3D9DD}.Debug|Any CPU.Build.0 = Debug|Any CPU
		{721F94CA-8F63-4562-B5DE-C4B6B5A3D9DD}.Release|Any CPU.ActiveCfg = Release|Any CPU
		{721F94CA-8F63-4562-B5DE-C4B6B5A3D9DD}.Release|Any CPU.Build.0 = Release|Any CPU
		{6DE5353C-C558-4ECA-AB5A-C7545017D509}.Debug|Any CPU.ActiveCfg = Debug|Any CPU
		{6DE5353C-C558-4ECA-AB5A-C7545017D509}.Debug|Any CPU.Build.0 = Debug|Any CPU
		{6DE5353C-C558-4ECA-AB5A-C7545017D509}.Release|Any CPU.ActiveCfg = Release|Any CPU
		{6DE5353C-C558-4ECA-AB5A-C7545017D509}.Release|Any CPU.Build.0 = Release|Any CPU
		{C38EDA32-4AA3-4057-BD38-9CFD8776EFAB}.Debug|Any CPU.ActiveCfg = Debug|Any CPU
		{C38EDA32-4AA3-4057-BD38-9CFD8776EFAB}.Debug|Any CPU.Build.0 = Debug|Any CPU
		{C38EDA32-4AA3-4057-BD38-9CFD8776EFAB}.Release|Any CPU.ActiveCfg = Release|Any CPU
		{C38EDA32-4AA3-4057-BD38-9CFD8776EFAB}.Release|Any CPU.Build.0 = Release|Any CPU
	EndGlobalSection
	GlobalSection(SolutionProperties) = preSolution
		HideSolutionNode = FALSE
	EndGlobalSection
EndGlobal
