
Microsoft Visual Studio Solution File, Format Version 12.00
# Visual Studio 2012
Project("{FAE04EC0-301F-11D3-BF4B-00C04F79EFBC}") = "01.Zerg!", "01.Zerg!\01.Zerg!.csproj", "{53D2EF30-5479-4783-B76C-0E3E7BCA5ABB}"
EndProject
Project("{FAE04EC0-301F-11D3-BF4B-00C04F79EFBC}") = "02.MovingLetters", "02.MovingLetters\02.MovingLetters.csproj", "{DFA8BD47-E0E2-4440-84C3-2ADAB7AD2ECF}"
EndProject
Project("{FAE04EC0-301F-11D3-BF4B-00C04F79EFBC}") = "03.Race", "03.Race\03.Race.csproj", "{D773389F-1809-4E8F-A303-E7C04C5FA58A}"
EndProject
Project("{FAE04EC0-301F-11D3-BF4B-00C04F79EFBC}") = "04.EncodeEncrypt", "04.EncodeEncrypt\04.EncodeEncrypt.csproj", "{A48A0AB9-594F-4507-BEEA-95B92A085BEC}"
EndProject
Project("{FAE04EC0-301F-11D3-BF4B-00C04F79EFBC}") = "05.FindWords", "05.FindWords\05.FindWords.csproj", "{C7913136-AC3F-4B02-973A-87F421F90A70}"
EndProject
Global
	GlobalSection(SolutionConfigurationPlatforms) = preSolution
		Debug|Any CPU = Debug|Any CPU
		Release|Any CPU = Release|Any CPU
	EndGlobalSection
	GlobalSection(ProjectConfigurationPlatforms) = postSolution
		{53D2EF30-5479-4783-B76C-0E3E7BCA5ABB}.Debug|Any CPU.ActiveCfg = Debug|Any CPU
		{53D2EF30-5479-4783-B76C-0E3E7BCA5ABB}.Debug|Any CPU.Build.0 = Debug|Any CPU
		{53D2EF30-5479-4783-B76C-0E3E7BCA5ABB}.Release|Any CPU.ActiveCfg = Release|Any CPU
		{53D2EF30-5479-4783-B76C-0E3E7BCA5ABB}.Release|Any CPU.Build.0 = Release|Any CPU
		{DFA8BD47-E0E2-4440-84C3-2ADAB7AD2ECF}.Debug|Any CPU.ActiveCfg = Debug|Any CPU
		{DFA8BD47-E0E2-4440-84C3-2ADAB7AD2ECF}.Debug|Any CPU.Build.0 = Debug|Any CPU
		{DFA8BD47-E0E2-4440-84C3-2ADAB7AD2ECF}.Release|Any CPU.ActiveCfg = Release|Any CPU
		{DFA8BD47-E0E2-4440-84C3-2ADAB7AD2ECF}.Release|Any CPU.Build.0 = Release|Any CPU
		{D773389F-1809-4E8F-A303-E7C04C5FA58A}.Debug|Any CPU.ActiveCfg = Debug|Any CPU
		{D773389F-1809-4E8F-A303-E7C04C5FA58A}.Debug|Any CPU.Build.0 = Debug|Any CPU
		{D773389F-1809-4E8F-A303-E7C04C5FA58A}.Release|Any CPU.ActiveCfg = Release|Any CPU
		{D773389F-1809-4E8F-A303-E7C04C5FA58A}.Release|Any CPU.Build.0 = Release|Any CPU
		{A48A0AB9-594F-4507-BEEA-95B92A085BEC}.Debug|Any CPU.ActiveCfg = Debug|Any CPU
		{A48A0AB9-594F-4507-BEEA-95B92A085BEC}.Debug|Any CPU.Build.0 = Debug|Any CPU
		{A48A0AB9-594F-4507-BEEA-95B92A085BEC}.Release|Any CPU.ActiveCfg = Release|Any CPU
		{A48A0AB9-594F-4507-BEEA-95B92A085BEC}.Release|Any CPU.Build.0 = Release|Any CPU
		{C7913136-AC3F-4B02-973A-87F421F90A70}.Debug|Any CPU.ActiveCfg = Debug|Any CPU
		{C7913136-AC3F-4B02-973A-87F421F90A70}.Debug|Any CPU.Build.0 = Debug|Any CPU
		{C7913136-AC3F-4B02-973A-87F421F90A70}.Release|Any CPU.ActiveCfg = Release|Any CPU
		{C7913136-AC3F-4B02-973A-87F421F90A70}.Release|Any CPU.Build.0 = Release|Any CPU
	EndGlobalSection
	GlobalSection(SolutionProperties) = preSolution
		HideSolutionNode = FALSE
	EndGlobalSection
EndGlobal
